// !$*UTF8*$!
{
	archiveVersion = 1;
	classes = {
	};
	objectVersion = 46;
	objects = {

/* Begin PBXAggregateTarget section */
		6D228847B93B4FBFB5F341B4 /* ZERO_CHECK */ = {
			isa = PBXAggregateTarget;
			buildConfigurationList = CCD704530118417FA3368CCB /* Build configuration list for PBXAggregateTarget "ZERO_CHECK" */;
			buildPhases = (
				B8608C41A93242A38BD437F5 /* CMake Rules */,
			);
			dependencies = (
			);
			name = ZERO_CHECK;
			productName = ZERO_CHECK;
		};
		E2D821B294394F5184FC780B /* ALL_BUILD */ = {
			isa = PBXAggregateTarget;
			buildConfigurationList = 5DE90CCD7F824ADE9C96A482 /* Build configuration list for PBXAggregateTarget "ALL_BUILD" */;
			buildPhases = (
				CD7B9E83772748C18A779825 /* CMake Rules */,
			);
			dependencies = (
				29E7668AFC4446E6A8A7D7CB /* PBXTargetDependency */,
				3716BCEA16EA4BA58C0AEC24 /* PBXTargetDependency */,
			);
			name = ALL_BUILD;
			productName = ALL_BUILD;
		};
/* End PBXAggregateTarget section */

/* Begin PBXBuildFile section */
		AFA7397771CA4B2EAEE6DA8B /* MPC.cpp in Sources */ = {isa = PBXBuildFile; fileRef = 0CA4EDB4604E4EAE9FD1C616 /* MPC.cpp */; };
		B1A348CCAC54428D98ADFD7A /* main.cpp in Sources */ = {isa = PBXBuildFile; fileRef = 8992CCE1990041AF925F66BA /* main.cpp */; };
/* End PBXBuildFile section */

/* Begin PBXContainerItemProxy section */
		0444325E03534B25B6D8AA76 /* PBXContainerItemProxy */ = {
			isa = PBXContainerItemProxy;
			containerPortal = 968AF181798A4B74A8769995 /* Project object */;
			proxyType = 1;
			remoteGlobalIDString = 08AEC6AA98FF4A76A0778789;
			remoteInfo = mpc;
		};
		77695FC6AAF14F8AA3DBF7FE /* PBXContainerItemProxy */ = {
			isa = PBXContainerItemProxy;
			containerPortal = 968AF181798A4B74A8769995 /* Project object */;
			proxyType = 1;
			remoteGlobalIDString = 6D228847B93B4FBFB5F341B4;
			remoteInfo = ZERO_CHECK;
		};
		8631BE30EB03417A9CDA877B /* PBXContainerItemProxy */ = {
			isa = PBXContainerItemProxy;
			containerPortal = 968AF181798A4B74A8769995 /* Project object */;
			proxyType = 1;
			remoteGlobalIDString = 6D228847B93B4FBFB5F341B4;
			remoteInfo = ZERO_CHECK;
		};
/* End PBXContainerItemProxy section */

/* Begin PBXFileReference section */
		0CA4EDB4604E4EAE9FD1C616 /* MPC.cpp */ = {isa = PBXFileReference; explicitFileType = sourcecode.cpp.cpp; fileEncoding = 4; name = MPC.cpp; path = src/MPC.cpp; sourceTree = SOURCE_ROOT; };
		10F58D56E52D4E2E907F7265 /* CMakeLists.txt */ = {isa = PBXFileReference; explicitFileType = sourcecode.text; fileEncoding = 4; lastKnownFileType = text; path = CMakeLists.txt; sourceTree = SOURCE_ROOT; };
		855FCF3A53CB484A9CC2B28C /* CMakeLists.txt */ = {isa = PBXFileReference; explicitFileType = sourcecode.text; fileEncoding = 4; lastKnownFileType = text; path = CMakeLists.txt; sourceTree = SOURCE_ROOT; };
		8992CCE1990041AF925F66BA /* main.cpp */ = {isa = PBXFileReference; explicitFileType = sourcecode.cpp.cpp; fileEncoding = 4; name = main.cpp; path = src/main.cpp; sourceTree = SOURCE_ROOT; };
		A4A4BAC77E464CABBDFEDF17 /* CMakeLists.txt */ = {isa = PBXFileReference; explicitFileType = sourcecode.text; fileEncoding = 4; lastKnownFileType = text; path = CMakeLists.txt; sourceTree = SOURCE_ROOT; };
		BCA9CC501FE8D8B80037EAFF /* json.hpp */ = {isa = PBXFileReference; lastKnownFileType = sourcecode.cpp.h; name = json.hpp; path = src/json.hpp; sourceTree = "<group>"; };
		BCA9CC511FE8D8B80037EAFF /* MPC.h */ = {isa = PBXFileReference; lastKnownFileType = sourcecode.c.h; name = MPC.h; path = src/MPC.h; sourceTree = "<group>"; };
		C310335907DF4115BAF98122 /* mpc */ = {isa = PBXFileReference; explicitFileType = "compiled.mach-o.executable"; path = mpc; sourceTree = BUILT_PRODUCTS_DIR; };
/* End PBXFileReference section */

/* Begin PBXGroup section */
		0697C1544CF046F39648B220 /* Products */ = {
			isa = PBXGroup;
			children = (
				C310335907DF4115BAF98122 /* mpc */,
			);
			name = Products;
			sourceTree = "<group>";
		};
		1FA13209F3C94227BB012FB5 /* CMake Rules */ = {
			isa = PBXGroup;
			children = (
			);
			name = "CMake Rules";
			sourceTree = "<group>";
		};
		535400C3531E450592144045 /* mpc */ = {
			isa = PBXGroup;
			children = (
				9952829E4CF04231B56A062D /* Source Files */,
				855FCF3A53CB484A9CC2B28C /* CMakeLists.txt */,
			);
			name = mpc;
			sourceTree = "<group>";
		};
		618B2EB056F347439A16F758 /* ALL_BUILD */ = {
			isa = PBXGroup;
			children = (
				1FA13209F3C94227BB012FB5 /* CMake Rules */,
				10F58D56E52D4E2E907F7265 /* CMakeLists.txt */,
			);
			name = ALL_BUILD;
			sourceTree = "<group>";
		};
		81BD6414C3F54FF1B7634CF5 /* CMake Rules */ = {
			isa = PBXGroup;
			children = (
			);
			name = "CMake Rules";
			sourceTree = "<group>";
		};
		9952829E4CF04231B56A062D /* Source Files */ = {
			isa = PBXGroup;
			children = (
				BCA9CC501FE8D8B80037EAFF /* json.hpp */,
				BCA9CC511FE8D8B80037EAFF /* MPC.h */,
				0CA4EDB4604E4EAE9FD1C616 /* MPC.cpp */,
				8992CCE1990041AF925F66BA /* main.cpp */,
			);
			name = "Source Files";
			sourceTree = "<group>";
		};
		DBAF58E805BD4430B608B26A = {
			isa = PBXGroup;
			children = (
				535400C3531E450592144045 /* mpc */,
				618B2EB056F347439A16F758 /* ALL_BUILD */,
				F9C020F6D8054C10AC922B40 /* ZERO_CHECK */,
				0697C1544CF046F39648B220 /* Products */,
			);
			sourceTree = "<group>";
		};
		F9C020F6D8054C10AC922B40 /* ZERO_CHECK */ = {
			isa = PBXGroup;
			children = (
				81BD6414C3F54FF1B7634CF5 /* CMake Rules */,
				A4A4BAC77E464CABBDFEDF17 /* CMakeLists.txt */,
			);
			name = ZERO_CHECK;
			sourceTree = "<group>";
		};
/* End PBXGroup section */

/* Begin PBXNativeTarget section */
		08AEC6AA98FF4A76A0778789 /* mpc */ = {
			isa = PBXNativeTarget;
			buildConfigurationList = F520914B019942B2A9B3A2CD /* Build configuration list for PBXNativeTarget "mpc" */;
			buildPhases = (
				D94493217DBC4C21AC2CBCAD /* Sources */,
			);
			buildRules = (
			);
			dependencies = (
				FB668957FA9445EDAF9886B0 /* PBXTargetDependency */,
			);
			name = mpc;
			productName = mpc;
			productReference = C310335907DF4115BAF98122 /* mpc */;
			productType = "com.apple.product-type.tool";
		};
/* End PBXNativeTarget section */

/* Begin PBXProject section */
		968AF181798A4B74A8769995 /* Project object */ = {
			isa = PBXProject;
			attributes = {
				BuildIndependentTargetsInParallel = YES;
				LastUpgradeCheck = 0710;
			};
			buildConfigurationList = 4D0D13E58B0748F98EEC95D2 /* Build configuration list for PBXProject "MPC" */;
			compatibilityVersion = "Xcode 3.2";
			developmentRegion = English;
			hasScannedForEncodings = 0;
			knownRegions = (
				en,
			);
			mainGroup = DBAF58E805BD4430B608B26A;
			projectDirPath = "";
			projectRoot = "";
			targets = (
				E2D821B294394F5184FC780B /* ALL_BUILD */,
				6D228847B93B4FBFB5F341B4 /* ZERO_CHECK */,
				08AEC6AA98FF4A76A0778789 /* mpc */,
			);
		};
/* End PBXProject section */

/* Begin PBXShellScriptBuildPhase section */
		B8608C41A93242A38BD437F5 /* CMake Rules */ = {
			isa = PBXShellScriptBuildPhase;
			buildActionMask = 2147483647;
			files = (
			);
			name = "CMake Rules";
			runOnlyForDeploymentPostprocessing = 0;
			shellPath = /bin/sh;
			shellScript = "make -C /Users/ninja/carnd/Term2/CarND-MPC-Project -f /Users/ninja/carnd/Term2/CarND-MPC-Project/CMakeScripts/ZERO_CHECK_cmakeRulesBuildPhase.make$CONFIGURATION all";
			showEnvVarsInLog = 0;
		};
		CD7B9E83772748C18A779825 /* CMake Rules */ = {
			isa = PBXShellScriptBuildPhase;
			buildActionMask = 2147483647;
			files = (
			);
			name = "CMake Rules";
			runOnlyForDeploymentPostprocessing = 0;
			shellPath = /bin/sh;
			shellScript = "make -C /Users/ninja/carnd/Term2/CarND-MPC-Project -f /Users/ninja/carnd/Term2/CarND-MPC-Project/CMakeScripts/ALL_BUILD_cmakeRulesBuildPhase.make$CONFIGURATION all";
			showEnvVarsInLog = 0;
		};
/* End PBXShellScriptBuildPhase section */

/* Begin PBXSourcesBuildPhase section */
		D94493217DBC4C21AC2CBCAD /* Sources */ = {
			isa = PBXSourcesBuildPhase;
			buildActionMask = 2147483647;
			files = (
				AFA7397771CA4B2EAEE6DA8B /* MPC.cpp in Sources */,
				B1A348CCAC54428D98ADFD7A /* main.cpp in Sources */,
			);
			runOnlyForDeploymentPostprocessing = 0;
		};
/* End PBXSourcesBuildPhase section */

/* Begin PBXTargetDependency section */
		29E7668AFC4446E6A8A7D7CB /* PBXTargetDependency */ = {
			isa = PBXTargetDependency;
			target = 08AEC6AA98FF4A76A0778789 /* mpc */;
			targetProxy = 0444325E03534B25B6D8AA76 /* PBXContainerItemProxy */;
		};
		3716BCEA16EA4BA58C0AEC24 /* PBXTargetDependency */ = {
			isa = PBXTargetDependency;
			target = 6D228847B93B4FBFB5F341B4 /* ZERO_CHECK */;
			targetProxy = 77695FC6AAF14F8AA3DBF7FE /* PBXContainerItemProxy */;
		};
		FB668957FA9445EDAF9886B0 /* PBXTargetDependency */ = {
			isa = PBXTargetDependency;
			target = 6D228847B93B4FBFB5F341B4 /* ZERO_CHECK */;
			targetProxy = 8631BE30EB03417A9CDA877B /* PBXContainerItemProxy */;
		};
/* End PBXTargetDependency section */

/* Begin XCBuildConfiguration section */
		0E62CEB6B0BA4F7DB8E24DB0 /* RelWithDebInfo */ = {
			isa = XCBuildConfiguration;
			buildSettings = {
				MACOSX_DEPLOYMENT_TARGET = 10.10;
				ONLY_ACTIVE_ARCH = YES;
				SDKROOT = /Applications/Xcode.app/Contents/Developer/Platforms/MacOSX.platform/Developer/SDKs/MacOSX10.11.sdk;
				SYMROOT = "/Users/ninja/carnd/Term2/CarND-MPC-Project/build";
			};
			name = RelWithDebInfo;
		};
		139A64DE6B324723A2A66702 /* Release */ = {
			isa = XCBuildConfiguration;
			buildSettings = {
				COMBINE_HIDPI_IMAGES = YES;
				GCC_GENERATE_DEBUGGING_SYMBOLS = YES;
				GCC_INLINES_ARE_PRIVATE_EXTERN = NO;
				GCC_OPTIMIZATION_LEVEL = 0;
				GCC_PREPROCESSOR_DEFINITIONS = "'CMAKE_INTDIR=\"$(CONFIGURATION)$(EFFECTIVE_PLATFORM_NAME)\"'";
				GCC_SYMBOLS_PRIVATE_EXTERN = NO;
				HEADER_SEARCH_PATHS = (
					/usr/local/include,
					"/Users/ninja/carnd/Term2/CarND-MPC-Project/src/Eigen-3.3",
					/usr/local/opt/openssl/include,
				);
				INSTALL_PATH = "";
				OTHER_LDFLAGS = " ";
				OTHER_REZFLAGS = "";
				PRODUCT_NAME = ALL_BUILD;
				SECTORDER_FLAGS = "";
				SYMROOT = "/Users/ninja/carnd/Term2/CarND-MPC-Project";
				USE_HEADERMAP = NO;
				WARNING_CFLAGS = (
					"-Wmost",
					"-Wno-four-char-constants",
					"-Wno-unknown-pragmas",
					"$(inherited)",
				);
			};
			name = Release;
		};
		40C02B34FBD648EFA798AC97 /* Debug */ = {
			isa = XCBuildConfiguration;
			buildSettings = {
				COMBINE_HIDPI_IMAGES = YES;
				GCC_GENERATE_DEBUGGING_SYMBOLS = YES;
				GCC_INLINES_ARE_PRIVATE_EXTERN = NO;
				GCC_OPTIMIZATION_LEVEL = 0;
				GCC_PREPROCESSOR_DEFINITIONS = "'CMAKE_INTDIR=\"$(CONFIGURATION)$(EFFECTIVE_PLATFORM_NAME)\"'";
				GCC_SYMBOLS_PRIVATE_EXTERN = NO;
				HEADER_SEARCH_PATHS = (
					/usr/local/include,
					"/Users/ninja/carnd/Term2/CarND-MPC-Project/src/Eigen-3.3",
					/usr/local/opt/openssl/include,
				);
				INSTALL_PATH = "";
				OTHER_LDFLAGS = " ";
				OTHER_REZFLAGS = "";
				PRODUCT_NAME = ALL_BUILD;
				SECTORDER_FLAGS = "";
				SYMROOT = "/Users/ninja/carnd/Term2/CarND-MPC-Project";
				USE_HEADERMAP = NO;
				WARNING_CFLAGS = (
					"-Wmost",
					"-Wno-four-char-constants",
					"-Wno-unknown-pragmas",
					"$(inherited)",
				);
			};
			name = Debug;
		};
		49D0278DF27C46A08CC0481D /* Release */ = {
			isa = XCBuildConfiguration;
			buildSettings = {
				MACOSX_DEPLOYMENT_TARGET = 10.10;
				ONLY_ACTIVE_ARCH = YES;
				SDKROOT = /Applications/Xcode.app/Contents/Developer/Platforms/MacOSX.platform/Developer/SDKs/MacOSX10.11.sdk;
				SYMROOT = "/Users/ninja/carnd/Term2/CarND-MPC-Project/build";
			};
			name = Release;
		};
		51AD0C674F334B1EB0A11016 /* RelWithDebInfo */ = {
			isa = XCBuildConfiguration;
			buildSettings = {
				COMBINE_HIDPI_IMAGES = YES;
				EXECUTABLE_PREFIX = "";
				EXECUTABLE_SUFFIX = "";
				GCC_GENERATE_DEBUGGING_SYMBOLS = YES;
				GCC_INLINES_ARE_PRIVATE_EXTERN = NO;
				GCC_OPTIMIZATION_LEVEL = 2;
				GCC_PREPROCESSOR_DEFINITIONS = "'CMAKE_INTDIR=\"$(CONFIGURATION)$(EFFECTIVE_PLATFORM_NAME)\"'";
				GCC_SYMBOLS_PRIVATE_EXTERN = NO;
				HEADER_SEARCH_PATHS = (
					/usr/local/include,
					"/Users/ninja/carnd/Term2/CarND-MPC-Project/src/Eigen-3.3",
					/usr/local/opt/openssl/include,
				);
				INSTALL_PATH = "";
				LD_RUNPATH_SEARCH_PATHS = "/usr/local/lib /usr/local/opt/openssl/lib /usr/local/Cellar/libuv/1*/lib";
				LIBRARY_SEARCH_PATHS = (
					"/usr/local/lib/$(CONFIGURATION)$(EFFECTIVE_PLATFORM_NAME)",
					/usr/local/lib,
					"/usr/local/opt/openssl/lib/$(CONFIGURATION)$(EFFECTIVE_PLATFORM_NAME)",
					/usr/local/opt/openssl/lib,
					"/usr/local/Cellar/libuv/1*/lib/$(CONFIGURATION)$(EFFECTIVE_PLATFORM_NAME)",
					"/usr/local/Cellar/libuv/1*/lib",
				);
				OTHER_CPLUSPLUSFLAGS = (
					"-Wall",
					"-DNDEBUG",
					"-I/usr/local/include",
					"-I/Users/ninja/carnd/Term2/CarND-MPC-Project/src/Eigen-3.3",
					"-I/usr/local/opt/openssl/include",
					"-std=c++11",
					"-O3",
				);
				OTHER_LDFLAGS = (
					"-Wl,-search_paths_first",
					"-Wl,-headerpad_max_install_names",
					"-lipopt",
					"-lz",
					"-lssl",
					"-luv",
					"-luWS",
				);
				OTHER_REZFLAGS = "";
				PRODUCT_NAME = mpc;
				SECTORDER_FLAGS = "";
				SYMROOT = "/Users/ninja/carnd/Term2/CarND-MPC-Project";
				USE_HEADERMAP = NO;
				WARNING_CFLAGS = (
					"-Wmost",
					"-Wno-four-char-constants",
					"-Wno-unknown-pragmas",
					"$(inherited)",
				);
			};
			name = RelWithDebInfo;
		};
		6D4DC8630DD54DAB9E7C6E8B /* Debug */ = {
			isa = XCBuildConfiguration;
			buildSettings = {
				MACOSX_DEPLOYMENT_TARGET = 10.10;
				ONLY_ACTIVE_ARCH = YES;
				SDKROOT = /Applications/Xcode.app/Contents/Developer/Platforms/MacOSX.platform/Developer/SDKs/MacOSX10.11.sdk;
				SYMROOT = "/Users/ninja/carnd/Term2/CarND-MPC-Project/build";
			};
			name = Debug;
		};
		6D6A963C134C47F08B8B1F69 /* Release */ = {
			isa = XCBuildConfiguration;
			buildSettings = {
				COMBINE_HIDPI_IMAGES = YES;
				GCC_GENERATE_DEBUGGING_SYMBOLS = YES;
				GCC_INLINES_ARE_PRIVATE_EXTERN = NO;
				GCC_OPTIMIZATION_LEVEL = 0;
				GCC_PREPROCESSOR_DEFINITIONS = "'CMAKE_INTDIR=\"$(CONFIGURATION)$(EFFECTIVE_PLATFORM_NAME)\"'";
				GCC_SYMBOLS_PRIVATE_EXTERN = NO;
				HEADER_SEARCH_PATHS = (
					/usr/local/include,
					"/Users/ninja/carnd/Term2/CarND-MPC-Project/src/Eigen-3.3",
					/usr/local/opt/openssl/include,
				);
				INSTALL_PATH = "";
				OTHER_LDFLAGS = " ";
				OTHER_REZFLAGS = "";
				PRODUCT_NAME = ZERO_CHECK;
				SECTORDER_FLAGS = "";
				SYMROOT = "/Users/ninja/carnd/Term2/CarND-MPC-Project";
				USE_HEADERMAP = NO;
				WARNING_CFLAGS = (
					"-Wmost",
					"-Wno-four-char-constants",
					"-Wno-unknown-pragmas",
					"$(inherited)",
				);
			};
			name = Release;
		};
		7908CB854FBC4B25AC8CD954 /* Release */ = {
			isa = XCBuildConfiguration;
			buildSettings = {
				COMBINE_HIDPI_IMAGES = YES;
				EXECUTABLE_PREFIX = "";
				EXECUTABLE_SUFFIX = "";
				GCC_GENERATE_DEBUGGING_SYMBOLS = NO;
				GCC_INLINES_ARE_PRIVATE_EXTERN = NO;
				GCC_OPTIMIZATION_LEVEL = 3;
				GCC_PREPROCESSOR_DEFINITIONS = "'CMAKE_INTDIR=\"$(CONFIGURATION)$(EFFECTIVE_PLATFORM_NAME)\"'";
				GCC_SYMBOLS_PRIVATE_EXTERN = NO;
				HEADER_SEARCH_PATHS = (
					/usr/local/include,
					"/Users/ninja/carnd/Term2/CarND-MPC-Project/src/Eigen-3.3",
					/usr/local/opt/openssl/include,
				);
				INSTALL_PATH = "";
				LD_RUNPATH_SEARCH_PATHS = "/usr/local/lib /usr/local/opt/openssl/lib /usr/local/Cellar/libuv/1*/lib";
				LIBRARY_SEARCH_PATHS = (
					"/usr/local/lib/$(CONFIGURATION)$(EFFECTIVE_PLATFORM_NAME)",
					/usr/local/lib,
					"/usr/local/opt/openssl/lib/$(CONFIGURATION)$(EFFECTIVE_PLATFORM_NAME)",
					/usr/local/opt/openssl/lib,
					"/usr/local/Cellar/libuv/1*/lib/$(CONFIGURATION)$(EFFECTIVE_PLATFORM_NAME)",
					"/usr/local/Cellar/libuv/1*/lib",
				);
				OTHER_CPLUSPLUSFLAGS = (
					"-Wall",
					"-DNDEBUG",
					"-I/usr/local/include",
					"-I/Users/ninja/carnd/Term2/CarND-MPC-Project/src/Eigen-3.3",
					"-I/usr/local/opt/openssl/include",
					"-std=c++11",
					"-O3",
				);
				OTHER_LDFLAGS = (
					"-Wl,-search_paths_first",
					"-Wl,-headerpad_max_install_names",
					"-lipopt",
					"-lz",
					"-lssl",
					"-luv",
					"-luWS",
				);
				OTHER_REZFLAGS = "";
				PRODUCT_NAME = mpc;
				SECTORDER_FLAGS = "";
				SYMROOT = "/Users/ninja/carnd/Term2/CarND-MPC-Project";
				USE_HEADERMAP = NO;
				WARNING_CFLAGS = (
					"-Wmost",
					"-Wno-four-char-constants",
					"-Wno-unknown-pragmas",
					"$(inherited)",
				);
			};
			name = Release;
		};
		85422D928487400BAB272452 /* MinSizeRel */ = {
			isa = XCBuildConfiguration;
			buildSettings = {
				MACOSX_DEPLOYMENT_TARGET = 10.10;
				ONLY_ACTIVE_ARCH = YES;
				SDKROOT = /Applications/Xcode.app/Contents/Developer/Platforms/MacOSX.platform/Developer/SDKs/MacOSX10.11.sdk;
				SYMROOT = "/Users/ninja/carnd/Term2/CarND-MPC-Project/build";
			};
			name = MinSizeRel;
		};
		85760B7393134303925AA750 /* Debug */ = {
			isa = XCBuildConfiguration;
			buildSettings = {
				COMBINE_HIDPI_IMAGES = YES;
				GCC_GENERATE_DEBUGGING_SYMBOLS = YES;
				GCC_INLINES_ARE_PRIVATE_EXTERN = NO;
				GCC_OPTIMIZATION_LEVEL = 0;
				GCC_PREPROCESSOR_DEFINITIONS = "'CMAKE_INTDIR=\"$(CONFIGURATION)$(EFFECTIVE_PLATFORM_NAME)\"'";
				GCC_SYMBOLS_PRIVATE_EXTERN = NO;
				HEADER_SEARCH_PATHS = (
					/usr/local/include,
					"/Users/ninja/carnd/Term2/CarND-MPC-Project/src/Eigen-3.3",
					/usr/local/opt/openssl/include,
				);
				INSTALL_PATH = "";
				OTHER_LDFLAGS = " ";
				OTHER_REZFLAGS = "";
				PRODUCT_NAME = ZERO_CHECK;
				SECTORDER_FLAGS = "";
				SYMROOT = "/Users/ninja/carnd/Term2/CarND-MPC-Project";
				USE_HEADERMAP = NO;
				WARNING_CFLAGS = (
					"-Wmost",
					"-Wno-four-char-constants",
					"-Wno-unknown-pragmas",
					"$(inherited)",
				);
			};
			name = Debug;
		};
		98280AF7829A48B4B9510F90 /* RelWithDebInfo */ = {
			isa = XCBuildConfiguration;
			buildSettings = {
				COMBINE_HIDPI_IMAGES = YES;
				GCC_GENERATE_DEBUGGING_SYMBOLS = YES;
				GCC_INLINES_ARE_PRIVATE_EXTERN = NO;
				GCC_OPTIMIZATION_LEVEL = 0;
				GCC_PREPROCESSOR_DEFINITIONS = "'CMAKE_INTDIR=\"$(CONFIGURATION)$(EFFECTIVE_PLATFORM_NAME)\"'";
				GCC_SYMBOLS_PRIVATE_EXTERN = NO;
				HEADER_SEARCH_PATHS = (
					/usr/local/include,
					"/Users/ninja/carnd/Term2/CarND-MPC-Project/src/Eigen-3.3",
					/usr/local/opt/openssl/include,
				);
				INSTALL_PATH = "";
				OTHER_LDFLAGS = " ";
				OTHER_REZFLAGS = "";
				PRODUCT_NAME = ZERO_CHECK;
				SECTORDER_FLAGS = "";
				SYMROOT = "/Users/ninja/carnd/Term2/CarND-MPC-Project";
				USE_HEADERMAP = NO;
				WARNING_CFLAGS = (
					"-Wmost",
					"-Wno-four-char-constants",
					"-Wno-unknown-pragmas",
					"$(inherited)",
				);
			};
			name = RelWithDebInfo;
		};
		AB767A7BC33346A496F8AC4A /* Debug */ = {
			isa = XCBuildConfiguration;
			buildSettings = {
				COMBINE_HIDPI_IMAGES = YES;
				EXECUTABLE_PREFIX = "";
				EXECUTABLE_SUFFIX = "";
				GCC_GENERATE_DEBUGGING_SYMBOLS = YES;
				GCC_INLINES_ARE_PRIVATE_EXTERN = NO;
				GCC_OPTIMIZATION_LEVEL = 0;
				GCC_PREPROCESSOR_DEFINITIONS = "'CMAKE_INTDIR=\"$(CONFIGURATION)$(EFFECTIVE_PLATFORM_NAME)\"'";
				GCC_SYMBOLS_PRIVATE_EXTERN = NO;
				HEADER_SEARCH_PATHS = (
					/usr/local/include,
					"/Users/ninja/carnd/Term2/CarND-MPC-Project/src/Eigen-3.3",
					/usr/local/opt/openssl/include,
				);
				INSTALL_PATH = "";
				LD_RUNPATH_SEARCH_PATHS = "/usr/local/lib /usr/local/opt/openssl/lib /usr/local/Cellar/libuv/1*/lib";
				LIBRARY_SEARCH_PATHS = (
					"/usr/local/lib/$(CONFIGURATION)$(EFFECTIVE_PLATFORM_NAME)",
					/usr/local/lib,
					"/usr/local/opt/openssl/lib/$(CONFIGURATION)$(EFFECTIVE_PLATFORM_NAME)",
					/usr/local/opt/openssl/lib,
					"/usr/local/Cellar/libuv/1*/lib/$(CONFIGURATION)$(EFFECTIVE_PLATFORM_NAME)",
					"/usr/local/Cellar/libuv/1*/lib",
				);
				OTHER_CPLUSPLUSFLAGS = (
					"-Wall",
					"-I/usr/local/include",
					"-I/Users/ninja/carnd/Term2/CarND-MPC-Project/src/Eigen-3.3",
					"-I/usr/local/opt/openssl/include",
					"-std=c++11",
					"-O3",
				);
				OTHER_LDFLAGS = (
					"-Wl,-search_paths_first",
					"-Wl,-headerpad_max_install_names",
					"-lipopt",
					"-lz",
					"-lssl",
					"-luv",
					"-luWS",
				);
				OTHER_REZFLAGS = "";
				PRODUCT_NAME = mpc;
				SECTORDER_FLAGS = "";
				SYMROOT = "/Users/ninja/carnd/Term2/CarND-MPC-Project";
				USE_HEADERMAP = NO;
				WARNING_CFLAGS = (
					"-Wmost",
					"-Wno-four-char-constants",
					"-Wno-unknown-pragmas",
					"$(inherited)",
				);
			};
			name = Debug;
		};
		B396478A57FB449F805C9C5A /* MinSizeRel */ = {
			isa = XCBuildConfiguration;
			buildSettings = {
				COMBINE_HIDPI_IMAGES = YES;
				GCC_GENERATE_DEBUGGING_SYMBOLS = YES;
				GCC_INLINES_ARE_PRIVATE_EXTERN = NO;
				GCC_OPTIMIZATION_LEVEL = 0;
				GCC_PREPROCESSOR_DEFINITIONS = "'CMAKE_INTDIR=\"$(CONFIGURATION)$(EFFECTIVE_PLATFORM_NAME)\"'";
				GCC_SYMBOLS_PRIVATE_EXTERN = NO;
				HEADER_SEARCH_PATHS = (
					/usr/local/include,
					"/Users/ninja/carnd/Term2/CarND-MPC-Project/src/Eigen-3.3",
					/usr/local/opt/openssl/include,
				);
				INSTALL_PATH = "";
				OTHER_LDFLAGS = " ";
				OTHER_REZFLAGS = "";
				PRODUCT_NAME = ZERO_CHECK;
				SECTORDER_FLAGS = "";
				SYMROOT = "/Users/ninja/carnd/Term2/CarND-MPC-Project";
				USE_HEADERMAP = NO;
				WARNING_CFLAGS = (
					"-Wmost",
					"-Wno-four-char-constants",
					"-Wno-unknown-pragmas",
					"$(inherited)",
				);
			};
			name = MinSizeRel;
		};
		BEFB34408DBF445487BE3FAE /* MinSizeRel */ = {
			isa = XCBuildConfiguration;
			buildSettings = {
				COMBINE_HIDPI_IMAGES = YES;
				GCC_GENERATE_DEBUGGING_SYMBOLS = YES;
				GCC_INLINES_ARE_PRIVATE_EXTERN = NO;
				GCC_OPTIMIZATION_LEVEL = 0;
				GCC_PREPROCESSOR_DEFINITIONS = "'CMAKE_INTDIR=\"$(CONFIGURATION)$(EFFECTIVE_PLATFORM_NAME)\"'";
				GCC_SYMBOLS_PRIVATE_EXTERN = NO;
				HEADER_SEARCH_PATHS = (
					/usr/local/include,
					"/Users/ninja/carnd/Term2/CarND-MPC-Project/src/Eigen-3.3",
					/usr/local/opt/openssl/include,
				);
				INSTALL_PATH = "";
				OTHER_LDFLAGS = " ";
				OTHER_REZFLAGS = "";
				PRODUCT_NAME = ALL_BUILD;
				SECTORDER_FLAGS = "";
				SYMROOT = "/Users/ninja/carnd/Term2/CarND-MPC-Project";
				USE_HEADERMAP = NO;
				WARNING_CFLAGS = (
					"-Wmost",
					"-Wno-four-char-constants",
					"-Wno-unknown-pragmas",
					"$(inherited)",
				);
			};
			name = MinSizeRel;
		};
		D6434972492A424B8D5D27E9 /* RelWithDebInfo */ = {
			isa = XCBuildConfiguration;
			buildSettings = {
				COMBINE_HIDPI_IMAGES = YES;
				GCC_GENERATE_DEBUGGING_SYMBOLS = YES;
				GCC_INLINES_ARE_PRIVATE_EXTERN = NO;
				GCC_OPTIMIZATION_LEVEL = 0;
				GCC_PREPROCESSOR_DEFINITIONS = "'CMAKE_INTDIR=\"$(CONFIGURATION)$(EFFECTIVE_PLATFORM_NAME)\"'";
				GCC_SYMBOLS_PRIVATE_EXTERN = NO;
				HEADER_SEARCH_PATHS = (
					/usr/local/include,
					"/Users/ninja/carnd/Term2/CarND-MPC-Project/src/Eigen-3.3",
					/usr/local/opt/openssl/include,
				);
				INSTALL_PATH = "";
				OTHER_LDFLAGS = " ";
				OTHER_REZFLAGS = "";
				PRODUCT_NAME = ALL_BUILD;
				SECTORDER_FLAGS = "";
				SYMROOT = "/Users/ninja/carnd/Term2/CarND-MPC-Project";
				USE_HEADERMAP = NO;
				WARNING_CFLAGS = (
					"-Wmost",
					"-Wno-four-char-constants",
					"-Wno-unknown-pragmas",
					"$(inherited)",
				);
			};
			name = RelWithDebInfo;
		};
		F8358A21CBC44AEDB9F12713 /* MinSizeRel */ = {
			isa = XCBuildConfiguration;
			buildSettings = {
				COMBINE_HIDPI_IMAGES = YES;
				EXECUTABLE_PREFIX = "";
				EXECUTABLE_SUFFIX = "";
				GCC_GENERATE_DEBUGGING_SYMBOLS = NO;
				GCC_INLINES_ARE_PRIVATE_EXTERN = NO;
				GCC_OPTIMIZATION_LEVEL = s;
				GCC_PREPROCESSOR_DEFINITIONS = "'CMAKE_INTDIR=\"$(CONFIGURATION)$(EFFECTIVE_PLATFORM_NAME)\"'";
				GCC_SYMBOLS_PRIVATE_EXTERN = NO;
				HEADER_SEARCH_PATHS = (
					/usr/local/include,
					"/Users/ninja/carnd/Term2/CarND-MPC-Project/src/Eigen-3.3",
					/usr/local/opt/openssl/include,
				);
				INSTALL_PATH = "";
				LD_RUNPATH_SEARCH_PATHS = "/usr/local/lib /usr/local/opt/openssl/lib /usr/local/Cellar/libuv/1*/lib";
				LIBRARY_SEARCH_PATHS = (
					"/usr/local/lib/$(CONFIGURATION)$(EFFECTIVE_PLATFORM_NAME)",
					/usr/local/lib,
					"/usr/local/opt/openssl/lib/$(CONFIGURATION)$(EFFECTIVE_PLATFORM_NAME)",
					/usr/local/opt/openssl/lib,
					"/usr/local/Cellar/libuv/1*/lib/$(CONFIGURATION)$(EFFECTIVE_PLATFORM_NAME)",
					"/usr/local/Cellar/libuv/1*/lib",
				);
				OTHER_CPLUSPLUSFLAGS = (
					"-Wall",
					"-DNDEBUG",
					"-I/usr/local/include",
					"-I/Users/ninja/carnd/Term2/CarND-MPC-Project/src/Eigen-3.3",
					"-I/usr/local/opt/openssl/include",
					"-std=c++11",
					"-O3",
				);
				OTHER_LDFLAGS = (
					"-Wl,-search_paths_first",
					"-Wl,-headerpad_max_install_names",
					"-lipopt",
					"-lz",
					"-lssl",
					"-luv",
					"-luWS",
				);
				OTHER_REZFLAGS = "";
				PRODUCT_NAME = mpc;
				SECTORDER_FLAGS = "";
				SYMROOT = "/Users/ninja/carnd/Term2/CarND-MPC-Project";
				USE_HEADERMAP = NO;
				WARNING_CFLAGS = (
					"-Wmost",
					"-Wno-four-char-constants",
					"-Wno-unknown-pragmas",
					"$(inherited)",
				);
			};
			name = MinSizeRel;
		};
/* End XCBuildConfiguration section */

/* Begin XCConfigurationList section */
		4D0D13E58B0748F98EEC95D2 /* Build configuration list for PBXProject "MPC" */ = {
			isa = XCConfigurationList;
			buildConfigurations = (
				6D4DC8630DD54DAB9E7C6E8B /* Debug */,
				49D0278DF27C46A08CC0481D /* Release */,
				85422D928487400BAB272452 /* MinSizeRel */,
				0E62CEB6B0BA4F7DB8E24DB0 /* RelWithDebInfo */,
			);
			defaultConfigurationIsVisible = 0;
			defaultConfigurationName = Debug;
		};
		5DE90CCD7F824ADE9C96A482 /* Build configuration list for PBXAggregateTarget "ALL_BUILD" */ = {
			isa = XCConfigurationList;
			buildConfigurations = (
				40C02B34FBD648EFA798AC97 /* Debug */,
				139A64DE6B324723A2A66702 /* Release */,
				BEFB34408DBF445487BE3FAE /* MinSizeRel */,
				D6434972492A424B8D5D27E9 /* RelWithDebInfo */,
			);
			defaultConfigurationIsVisible = 0;
			defaultConfigurationName = Debug;
		};
		CCD704530118417FA3368CCB /* Build configuration list for PBXAggregateTarget "ZERO_CHECK" */ = {
			isa = XCConfigurationList;
			buildConfigurations = (
				85760B7393134303925AA750 /* Debug */,
				6D6A963C134C47F08B8B1F69 /* Release */,
				B396478A57FB449F805C9C5A /* MinSizeRel */,
				98280AF7829A48B4B9510F90 /* RelWithDebInfo */,
			);
			defaultConfigurationIsVisible = 0;
			defaultConfigurationName = Debug;
		};
		F520914B019942B2A9B3A2CD /* Build configuration list for PBXNativeTarget "mpc" */ = {
			isa = XCConfigurationList;
			buildConfigurations = (
				AB767A7BC33346A496F8AC4A /* Debug */,
				7908CB854FBC4B25AC8CD954 /* Release */,
				F8358A21CBC44AEDB9F12713 /* MinSizeRel */,
				51AD0C674F334B1EB0A11016 /* RelWithDebInfo */,
			);
			defaultConfigurationIsVisible = 0;
			defaultConfigurationName = Debug;
		};
/* End XCConfigurationList section */
	};
	rootObject = 968AF181798A4B74A8769995 /* Project object */;
}
